
Microsoft Visual Studio Solution File, Format Version 12.00
# Visual Studio 15
VisualStudioVersion = 15.0.28307.168
MinimumVisualStudioVersion = 10.0.40219.1
Project("{FAE04EC0-301F-11D3-BF4B-00C04F79EFBC}") = "Bluetooth", "Bluetooth\Bluetooth.csproj", "{4EDA1C6E-D78D-41DE-91AE-1B7AF7E2FFC5}"
EndProject
Global
	GlobalSection(SolutionConfigurationPlatforms) = preSolution
		Debug|Any CPU = Debug|Any CPU
		Release|Any CPU = Release|Any CPU
	EndGlobalSection
	GlobalSection(ProjectConfigurationPlatforms) = postSolution
		{4EDA1C6E-D78D-41DE-91AE-1B7AF7E2FFC5}.Debug|Any CPU.ActiveCfg = Debug|Any CPU
		{4EDA1C6E-D78D-41DE-91AE-1B7AF7E2FFC5}.Debug|Any CPU.Build.0 = Debug|Any CPU
		{4EDA1C6E-D78D-41DE-91AE-1B7AF7E2FFC5}.Release|Any CPU.ActiveCfg = Release|Any CPU
		{4EDA1C6E-D78D-41DE-91AE-1B7AF7E2FFC5}.Release|Any CPU.Build.0 = Release|Any CPU
	EndGlobalSection
	GlobalSection(SolutionProperties) = preSolution
		HideSolutionNode = FALSE
	EndGlobalSection
	GlobalSection(ExtensibilityGlobals) = postSolution
		SolutionGuid = {A6862C2D-A8C5-42A0-BE6F-38ED6B596B1A}
	EndGlobalSection
EndGlobal
